{
  "name": "addtag",
  "lockfileVersion": 2,
  "requires": true,
  "packages": {
    "": {
      "dependencies": {
        "axios": "^0.26.1",
        "browser-id3-writer": "^4.4.0",
        "csv-parse": "^5.0.4",
        "tiny-async-pool": "^2.0.1"
      }
    },
    "node_modules/axios": {
      "version": "0.26.1",
      "resolved": "https://registry.npmjs.org/axios/-/axios-0.26.1.tgz",
      "integrity": "sha512-fPwcX4EvnSHuInCMItEhAGnaSEXRBjtzh9fOtsE6E1G6p7vl7edEeZe11QHf18+6+9gR5PbKV/sGKNaD8YaMeA==",
      "dependencies": {
        "follow-redirects": "^1.14.8"
      }
    },
    "node_modules/browser-id3-writer": {
      "version": "4.4.0",
      "resolved": "https://registry.npmjs.org/browser-id3-writer/-/browser-id3-writer-4.4.0.tgz",
      "integrity": "sha512-8xce9wo4VoKNR4udEGOAf8vndYxhToqQS+1wyrjdYVPQKRc4Wm6xwGG6XrKYgax28y5AvrbCkqK6t1RplPN2Ew=="
    },
    "node_modules/csv-parse": {
      "version": "5.0.4",
      "resolved": "https://registry.npmjs.org/csv-parse/-/csv-parse-5.0.4.tgz",
      "integrity": "sha512-5AIdl8l6n3iYQYxan5djB5eKDa+vBnhfWZtRpJTcrETWfVLYN0WSj3L9RwvgYt+psoO77juUr8TG8qpfGZifVQ=="
    },
    "node_modules/follow-redirects": {
      "version": "1.14.9",
      "resolved": "https://registry.npmjs.org/follow-redirects/-/follow-redirects-1.14.9.tgz",
      "integrity": "sha512-MQDfihBQYMcyy5dhRDJUHcw7lb2Pv/TuE6xP1vyraLukNDHKbDxDNaOE3NbCAdKQApno+GPRyo1YAp89yCjK4w==",
      "funding": [
        {
          "type": "individual",
          "url": "https://github.com/sponsors/RubenVerborgh"
        }
      ],
      "engines": {
        "node": ">=4.0"
      },
      "peerDependenciesMeta": {
        "debug": {
          "optional": true
        }
      }
    },
    "node_modules/tiny-async-pool": {
      "version": "2.0.1",
      "resolved": "https://registry.npmjs.org/tiny-async-pool/-/tiny-async-pool-2.0.1.tgz",
      "integrity": "sha512-QIXBQdZdFWb7sLsuS5R8+23YdUXypkplXG+C3AMkEVzUlAZ/2EWrQzfAey0l4/r8ih+F7KgbJdPWHrfOce908A=="
    }
  },
  "dependencies": {
    "axios": {
      "version": "0.26.1",
      "resolved": "https://registry.npmjs.org/axios/-/axios-0.26.1.tgz",
      "integrity": "sha512-fPwcX4EvnSHuInCMItEhAGnaSEXRBjtzh9fOtsE6E1G6p7vl7edEeZe11QHf18+6+9gR5PbKV/sGKNaD8YaMeA==",
      "requires": {
        "follow-redirects": "^1.14.8"
      }
    },
    "browser-id3-writer": {
      "version": "4.4.0",
      "resolved": "https://registry.npmjs.org/browser-id3-writer/-/browser-id3-writer-4.4.0.tgz",
      "integrity": "sha512-8xce9wo4VoKNR4udEGOAf8vndYxhToqQS+1wyrjdYVPQKRc4Wm6xwGG6XrKYgax28y5AvrbCkqK6t1RplPN2Ew=="
    },
    "csv-parse": {
      "version": "5.0.4",
      "resolved": "https://registry.npmjs.org/csv-parse/-/csv-parse-5.0.4.tgz",
      "integrity": "sha512-5AIdl8l6n3iYQYxan5djB5eKDa+vBnhfWZtRpJTcrETWfVLYN0WSj3L9RwvgYt+psoO77juUr8TG8qpfGZifVQ=="
    },
    "follow-redirects": {
      "version": "1.14.9",
      "resolved": "https://registry.npmjs.org/follow-redirects/-/follow-redirects-1.14.9.tgz",
      "integrity": "sha512-MQDfihBQYMcyy5dhRDJUHcw7lb2Pv/TuE6xP1vyraLukNDHKbDxDNaOE3NbCAdKQApno+GPRyo1YAp89yCjK4w=="
    },
    "tiny-async-pool": {
      "version": "2.0.1",
      "resolved": "https://registry.npmjs.org/tiny-async-pool/-/tiny-async-pool-2.0.1.tgz",
      "integrity": "sha512-QIXBQdZdFWb7sLsuS5R8+23YdUXypkplXG+C3AMkEVzUlAZ/2EWrQzfAey0l4/r8ih+F7KgbJdPWHrfOce908A=="
    }
  }
}
