{
  "name": "ass-tag-patcher",
  "lockfileVersion": 2,
  "requires": true,
  "packages": {
    "": {
      "dependencies": {
        "axios": "^0.26.1",
        "config": "^3.3.7",
        "csv-parse": "^5.0.4",
        "ffmetadata": "^1.7.0",
        "tiny-async-pool": "^2.0.1"
      }
    },
    "node_modules/axios": {
      "version": "0.26.1",
      "resolved": "https://registry.npmjs.org/axios/-/axios-0.26.1.tgz",
      "integrity": "sha512-fPwcX4EvnSHuInCMItEhAGnaSEXRBjtzh9fOtsE6E1G6p7vl7edEeZe11QHf18+6+9gR5PbKV/sGKNaD8YaMeA==",
      "dependencies": {
        "follow-redirects": "^1.14.8"
      }
    },
    "node_modules/base64-js": {
      "version": "0.0.2",
      "resolved": "https://registry.npmjs.org/base64-js/-/base64-js-0.0.2.tgz",
      "integrity": "sha1-Ak8Pcq+iW3X5wO5zzU9V7Bvtl4Q=",
      "engines": {
        "node": ">= 0.4"
      }
    },
    "node_modules/bops": {
      "version": "0.0.6",
      "resolved": "https://registry.npmjs.org/bops/-/bops-0.0.6.tgz",
      "integrity": "sha1-CC0dVfoB5g29wuvC26N/ZZVUzzo=",
      "dependencies": {
        "base64-js": "0.0.2",
        "to-utf8": "0.0.1"
      }
    },
    "node_modules/concat-stream": {
      "version": "1.0.1",
      "resolved": "https://registry.npmjs.org/concat-stream/-/concat-stream-1.0.1.tgz",
      "integrity": "sha1-AYsYvBx9BzotyCqkhEI0GixN158=",
      "engines": [
        "node >= 0.8.0"
      ],
      "dependencies": {
        "bops": "0.0.6"
      }
    },
    "node_modules/config": {
      "version": "3.3.7",
      "resolved": "https://registry.npmjs.org/config/-/config-3.3.7.tgz",
      "integrity": "sha512-mX/n7GKDYZMqvvkY6e6oBY49W8wxdmQt+ho/5lhwFDXqQW9gI+Ahp8EKp8VAbISPnmf2+Bv5uZK7lKXZ6pf1aA==",
      "dependencies": {
        "json5": "^2.1.1"
      },
      "engines": {
        "node": ">= 10.0.0"
      }
    },
    "node_modules/csv-parse": {
      "version": "5.0.4",
      "resolved": "https://registry.npmjs.org/csv-parse/-/csv-parse-5.0.4.tgz",
      "integrity": "sha512-5AIdl8l6n3iYQYxan5djB5eKDa+vBnhfWZtRpJTcrETWfVLYN0WSj3L9RwvgYt+psoO77juUr8TG8qpfGZifVQ=="
    },
    "node_modules/duplexer": {
      "version": "0.0.4",
      "resolved": "https://registry.npmjs.org/duplexer/-/duplexer-0.0.4.tgz",
      "integrity": "sha1-r8t/H4uNdPggcmFx1dZKyeSo/yA="
    },
    "node_modules/ffmetadata": {
      "version": "1.7.0",
      "resolved": "https://registry.npmjs.org/ffmetadata/-/ffmetadata-1.7.0.tgz",
      "integrity": "sha512-9qiv40lskKAz63qJKemVxmfH3Xkp3TuXK7teQOxh69kSJDxkBu1Mzr93bSKL9fyqqZ4uo6hnZfCHb/40AEF8+A==",
      "dependencies": {
        "concat-stream": "~1.0.0",
        "split": "~0.2.6",
        "stream-combiner": "0.0.2",
        "stream-filter": "1",
        "through": "~2.3.4"
      }
    },
    "node_modules/follow-redirects": {
      "version": "1.14.9",
      "resolved": "https://registry.npmjs.org/follow-redirects/-/follow-redirects-1.14.9.tgz",
      "integrity": "sha512-MQDfihBQYMcyy5dhRDJUHcw7lb2Pv/TuE6xP1vyraLukNDHKbDxDNaOE3NbCAdKQApno+GPRyo1YAp89yCjK4w==",
      "funding": [
        {
          "type": "individual",
          "url": "https://github.com/sponsors/RubenVerborgh"
        }
      ],
      "engines": {
        "node": ">=4.0"
      },
      "peerDependenciesMeta": {
        "debug": {
          "optional": true
        }
      }
    },
    "node_modules/json5": {
      "version": "2.2.1",
      "resolved": "https://registry.npmjs.org/json5/-/json5-2.2.1.tgz",
      "integrity": "sha512-1hqLFMSrGHRHxav9q9gNjJ5EXznIxGVO09xQRrwplcS8qs28pZ8s8hupZAmqDwZUmVZ2Qb2jnyPOWcDH8m8dlA==",
      "bin": {
        "json5": "lib/cli.js"
      },
      "engines": {
        "node": ">=6"
      }
    },
    "node_modules/split": {
      "version": "0.2.10",
      "resolved": "https://registry.npmjs.org/split/-/split-0.2.10.tgz",
      "integrity": "sha1-Zwl8YB1pfOE2j0GPBs0gHPBSGlc=",
      "dependencies": {
        "through": "2"
      },
      "engines": {
        "node": "*"
      }
    },
    "node_modules/stream-combiner": {
      "version": "0.0.2",
      "resolved": "https://registry.npmjs.org/stream-combiner/-/stream-combiner-0.0.2.tgz",
      "integrity": "sha1-3+DnRnV0JWXnbGBWeI6lwjvZfbQ=",
      "dependencies": {
        "duplexer": "~0.0.3"
      }
    },
    "node_modules/stream-filter": {
      "version": "1.0.0",
      "resolved": "https://registry.npmjs.org/stream-filter/-/stream-filter-1.0.0.tgz",
      "integrity": "sha1-PwpMbVmBAR6YYqMq/bDfFqS2ft4=",
      "dependencies": {
        "through": "~2"
      }
    },
    "node_modules/through": {
      "version": "2.3.8",
      "resolved": "https://registry.npmjs.org/through/-/through-2.3.8.tgz",
      "integrity": "sha1-DdTJ/6q8NXlgsbckEV1+Doai4fU="
    },
    "node_modules/tiny-async-pool": {
      "version": "2.0.1",
      "resolved": "https://registry.npmjs.org/tiny-async-pool/-/tiny-async-pool-2.0.1.tgz",
      "integrity": "sha512-QIXBQdZdFWb7sLsuS5R8+23YdUXypkplXG+C3AMkEVzUlAZ/2EWrQzfAey0l4/r8ih+F7KgbJdPWHrfOce908A=="
    },
    "node_modules/to-utf8": {
      "version": "0.0.1",
      "resolved": "https://registry.npmjs.org/to-utf8/-/to-utf8-0.0.1.tgz",
      "integrity": "sha1-0Xrqcv8vujm55DYBvns/9y4ImFI="
    }
  },
  "dependencies": {
    "axios": {
      "version": "0.26.1",
      "resolved": "https://registry.npmjs.org/axios/-/axios-0.26.1.tgz",
      "integrity": "sha512-fPwcX4EvnSHuInCMItEhAGnaSEXRBjtzh9fOtsE6E1G6p7vl7edEeZe11QHf18+6+9gR5PbKV/sGKNaD8YaMeA==",
      "requires": {
        "follow-redirects": "^1.14.8"
      }
    },
    "base64-js": {
      "version": "0.0.2",
      "resolved": "https://registry.npmjs.org/base64-js/-/base64-js-0.0.2.tgz",
      "integrity": "sha1-Ak8Pcq+iW3X5wO5zzU9V7Bvtl4Q="
    },
    "bops": {
      "version": "0.0.6",
      "resolved": "https://registry.npmjs.org/bops/-/bops-0.0.6.tgz",
      "integrity": "sha1-CC0dVfoB5g29wuvC26N/ZZVUzzo=",
      "requires": {
        "base64-js": "0.0.2",
        "to-utf8": "0.0.1"
      }
    },
    "concat-stream": {
      "version": "1.0.1",
      "resolved": "https://registry.npmjs.org/concat-stream/-/concat-stream-1.0.1.tgz",
      "integrity": "sha1-AYsYvBx9BzotyCqkhEI0GixN158=",
      "requires": {
        "bops": "0.0.6"
      }
    },
    "config": {
      "version": "3.3.7",
      "resolved": "https://registry.npmjs.org/config/-/config-3.3.7.tgz",
      "integrity": "sha512-mX/n7GKDYZMqvvkY6e6oBY49W8wxdmQt+ho/5lhwFDXqQW9gI+Ahp8EKp8VAbISPnmf2+Bv5uZK7lKXZ6pf1aA==",
      "requires": {
        "json5": "^2.1.1"
      }
    },
    "csv-parse": {
      "version": "5.0.4",
      "resolved": "https://registry.npmjs.org/csv-parse/-/csv-parse-5.0.4.tgz",
      "integrity": "sha512-5AIdl8l6n3iYQYxan5djB5eKDa+vBnhfWZtRpJTcrETWfVLYN0WSj3L9RwvgYt+psoO77juUr8TG8qpfGZifVQ=="
    },
    "duplexer": {
      "version": "0.0.4",
      "resolved": "https://registry.npmjs.org/duplexer/-/duplexer-0.0.4.tgz",
      "integrity": "sha1-r8t/H4uNdPggcmFx1dZKyeSo/yA="
    },
    "ffmetadata": {
      "version": "1.7.0",
      "resolved": "https://registry.npmjs.org/ffmetadata/-/ffmetadata-1.7.0.tgz",
      "integrity": "sha512-9qiv40lskKAz63qJKemVxmfH3Xkp3TuXK7teQOxh69kSJDxkBu1Mzr93bSKL9fyqqZ4uo6hnZfCHb/40AEF8+A==",
      "requires": {
        "concat-stream": "~1.0.0",
        "split": "~0.2.6",
        "stream-combiner": "0.0.2",
        "stream-filter": "1",
        "through": "~2.3.4"
      }
    },
    "follow-redirects": {
      "version": "1.14.9",
      "resolved": "https://registry.npmjs.org/follow-redirects/-/follow-redirects-1.14.9.tgz",
      "integrity": "sha512-MQDfihBQYMcyy5dhRDJUHcw7lb2Pv/TuE6xP1vyraLukNDHKbDxDNaOE3NbCAdKQApno+GPRyo1YAp89yCjK4w=="
    },
    "json5": {
      "version": "2.2.1",
      "resolved": "https://registry.npmjs.org/json5/-/json5-2.2.1.tgz",
      "integrity": "sha512-1hqLFMSrGHRHxav9q9gNjJ5EXznIxGVO09xQRrwplcS8qs28pZ8s8hupZAmqDwZUmVZ2Qb2jnyPOWcDH8m8dlA=="
    },
    "split": {
      "version": "0.2.10",
      "resolved": "https://registry.npmjs.org/split/-/split-0.2.10.tgz",
      "integrity": "sha1-Zwl8YB1pfOE2j0GPBs0gHPBSGlc=",
      "requires": {
        "through": "2"
      }
    },
    "stream-combiner": {
      "version": "0.0.2",
      "resolved": "https://registry.npmjs.org/stream-combiner/-/stream-combiner-0.0.2.tgz",
      "integrity": "sha1-3+DnRnV0JWXnbGBWeI6lwjvZfbQ=",
      "requires": {
        "duplexer": "~0.0.3"
      }
    },
    "stream-filter": {
      "version": "1.0.0",
      "resolved": "https://registry.npmjs.org/stream-filter/-/stream-filter-1.0.0.tgz",
      "integrity": "sha1-PwpMbVmBAR6YYqMq/bDfFqS2ft4=",
      "requires": {
        "through": "~2"
      }
    },
    "through": {
      "version": "2.3.8",
      "resolved": "https://registry.npmjs.org/through/-/through-2.3.8.tgz",
      "integrity": "sha1-DdTJ/6q8NXlgsbckEV1+Doai4fU="
    },
    "tiny-async-pool": {
      "version": "2.0.1",
      "resolved": "https://registry.npmjs.org/tiny-async-pool/-/tiny-async-pool-2.0.1.tgz",
      "integrity": "sha512-QIXBQdZdFWb7sLsuS5R8+23YdUXypkplXG+C3AMkEVzUlAZ/2EWrQzfAey0l4/r8ih+F7KgbJdPWHrfOce908A=="
    },
    "to-utf8": {
      "version": "0.0.1",
      "resolved": "https://registry.npmjs.org/to-utf8/-/to-utf8-0.0.1.tgz",
      "integrity": "sha1-0Xrqcv8vujm55DYBvns/9y4ImFI="
    }
  }
}
